
Microsoft Visual Studio Solution File, Format Version 12.00
# Visual Studio Version 17
VisualStudioVersion = 17.8.34309.116
MinimumVisualStudioVersion = 10.0.40219.1
Project("{9A19103F-16F7-4668-BE54-9A1E7A4F7556}") = "practiceC#", "practiceC#\practiceC#.csproj", "{8A30B5DC-D638-4E47-9436-9F6924F450E6}"
EndProject
Project("{9A19103F-16F7-4668-BE54-9A1E7A4F7556}") = "ConsoleApp2", "ConsoleApp2\ConsoleApp2.csproj", "{15036929-E9A7-46FB-BA5D-C33115D4F267}"
EndProject
Project("{9A19103F-16F7-4668-BE54-9A1E7A4F7556}") = "KioskProgram", "KioskProgram\KioskProgram.csproj", "{83D933B4-B545-49DD-98BC-AEDB7A0288CB}"
EndProject
Project("{9A19103F-16F7-4668-BE54-9A1E7A4F7556}") = "GameTetris", "GameTetris\GameTetris.csproj", "{3F215DCD-D381-4EB6-99BE-3844F69365A1}"
EndProject
Project("{9A19103F-16F7-4668-BE54-9A1E7A4F7556}") = "MqttTest", "Kiosk\MqttTest.csproj", "{136B0290-FE04-498B-9313-8FF8AD98148B}"
EndProject
Project("{FAE04EC0-301F-11D3-BF4B-00C04F79EFBC}") = "WindowsFormsApp1", "WindowsFormsApp1\WindowsFormsApp1.csproj", "{84A28C3B-3441-4E33-868B-44CC90184FFD}"
EndProject
Project("{FAE04EC0-301F-11D3-BF4B-00C04F79EFBC}") = "MealSystem", "MealSystem\MealSystem.csproj", "{FA547EC6-A729-4499-8112-C6118FAFEAC2}"
EndProject
Global
	GlobalSection(SolutionConfigurationPlatforms) = preSolution
		Debug|Any CPU = Debug|Any CPU
		Release|Any CPU = Release|Any CPU
	EndGlobalSection
	GlobalSection(ProjectConfigurationPlatforms) = postSolution
		{8A30B5DC-D638-4E47-9436-9F6924F450E6}.Debug|Any CPU.ActiveCfg = Debug|Any CPU
		{8A30B5DC-D638-4E47-9436-9F6924F450E6}.Debug|Any CPU.Build.0 = Debug|Any CPU
		{8A30B5DC-D638-4E47-9436-9F6924F450E6}.Release|Any CPU.ActiveCfg = Release|Any CPU
		{8A30B5DC-D638-4E47-9436-9F6924F450E6}.Release|Any CPU.Build.0 = Release|Any CPU
		{15036929-E9A7-46FB-BA5D-C33115D4F267}.Debug|Any CPU.ActiveCfg = Debug|Any CPU
		{15036929-E9A7-46FB-BA5D-C33115D4F267}.Debug|Any CPU.Build.0 = Debug|Any CPU
		{15036929-E9A7-46FB-BA5D-C33115D4F267}.Release|Any CPU.ActiveCfg = Release|Any CPU
		{15036929-E9A7-46FB-BA5D-C33115D4F267}.Release|Any CPU.Build.0 = Release|Any CPU
		{83D933B4-B545-49DD-98BC-AEDB7A0288CB}.Debug|Any CPU.ActiveCfg = Debug|Any CPU
		{83D933B4-B545-49DD-98BC-AEDB7A0288CB}.Debug|Any CPU.Build.0 = Debug|Any CPU
		{83D933B4-B545-49DD-98BC-AEDB7A0288CB}.Release|Any CPU.ActiveCfg = Release|Any CPU
		{83D933B4-B545-49DD-98BC-AEDB7A0288CB}.Release|Any CPU.Build.0 = Release|Any CPU
		{3F215DCD-D381-4EB6-99BE-3844F69365A1}.Debug|Any CPU.ActiveCfg = Debug|Any CPU
		{3F215DCD-D381-4EB6-99BE-3844F69365A1}.Debug|Any CPU.Build.0 = Debug|Any CPU
		{3F215DCD-D381-4EB6-99BE-3844F69365A1}.Release|Any CPU.ActiveCfg = Release|Any CPU
		{3F215DCD-D381-4EB6-99BE-3844F69365A1}.Release|Any CPU.Build.0 = Release|Any CPU
		{136B0290-FE04-498B-9313-8FF8AD98148B}.Debug|Any CPU.ActiveCfg = Debug|Any CPU
		{136B0290-FE04-498B-9313-8FF8AD98148B}.Debug|Any CPU.Build.0 = Debug|Any CPU
		{136B0290-FE04-498B-9313-8FF8AD98148B}.Release|Any CPU.ActiveCfg = Release|Any CPU
		{136B0290-FE04-498B-9313-8FF8AD98148B}.Release|Any CPU.Build.0 = Release|Any CPU
		{84A28C3B-3441-4E33-868B-44CC90184FFD}.Debug|Any CPU.ActiveCfg = Debug|Any CPU
		{84A28C3B-3441-4E33-868B-44CC90184FFD}.Debug|Any CPU.Build.0 = Debug|Any CPU
		{84A28C3B-3441-4E33-868B-44CC90184FFD}.Release|Any CPU.ActiveCfg = Release|Any CPU
		{84A28C3B-3441-4E33-868B-44CC90184FFD}.Release|Any CPU.Build.0 = Release|Any CPU
		{FA547EC6-A729-4499-8112-C6118FAFEAC2}.Debug|Any CPU.ActiveCfg = Debug|Any CPU
		{FA547EC6-A729-4499-8112-C6118FAFEAC2}.Debug|Any CPU.Build.0 = Debug|Any CPU
		{FA547EC6-A729-4499-8112-C6118FAFEAC2}.Release|Any CPU.ActiveCfg = Release|Any CPU
		{FA547EC6-A729-4499-8112-C6118FAFEAC2}.Release|Any CPU.Build.0 = Release|Any CPU
	EndGlobalSection
	GlobalSection(SolutionProperties) = preSolution
		HideSolutionNode = FALSE
	EndGlobalSection
	GlobalSection(ExtensibilityGlobals) = postSolution
		SolutionGuid = {85582220-1633-4784-92E7-5C2F58A341D7}
	EndGlobalSection
EndGlobal
